# Generated by conda-lock.
# platform: linux-64
# input_hash: f376f68a75587ea6dec3a7dd9f8e16d9e1a7ae50a188d8b1c75453bfd158f4a5
@EXPLICIT
https://conda.anaconda.org/conda-forge/linux-64/_libgcc_mutex-0.1-conda_forge.tar.bz2#d7c89558ba9fa0495403155b64376d81
https://conda.anaconda.org/conda-forge/noarch/_r-mutex-1.0.1-anacondar_1.tar.bz2#19f9db5f4f1b7f5ef5f6d67207f25f38
https://conda.anaconda.org/conda-forge/noarch/font-ttf-dejavu-sans-mono-2.37-hab24e00_0.tar.bz2#0c96522c6bdaed4b1566d11387caaf45
https://conda.anaconda.org/conda-forge/noarch/font-ttf-inconsolata-3.000-h77eed37_0.tar.bz2#34893075a5c9e55cdafac56607368fc6
https://conda.anaconda.org/conda-forge/noarch/font-ttf-source-code-pro-2.038-h77eed37_0.tar.bz2#4d59c254e01d9cde7957100457e2d5fb
https://conda.anaconda.org/conda-forge/noarch/font-ttf-ubuntu-0.83-h77eed37_3.conda#49023d73832ef61042f6a237cb2687e7
https://conda.anaconda.org/conda-forge/noarch/kernel-headers_linux-64-4.18.0-he073ed8_9.conda#86d9cba083cd041bfbf242a01a7a1999
https://conda.anaconda.org/conda-forge/linux-64/libopentelemetry-cpp-headers-1.21.0-ha770c72_1.conda#9e298d76f543deb06eb0f3413675e13a
https://conda.anaconda.org/conda-forge/linux-64/nlohmann_json-3.12.0-h54a6638_1.conda#16c2a0e9c4a166e53632cfca4f68d020
https://conda.anaconda.org/conda-forge/linux-64/pandoc-3.8.3-ha770c72_0.conda#0e4aa34e44a68aeb850349fe51a6a3d0
https://conda.anaconda.org/conda-forge/noarch/python_abi-3.14-8_cp314.conda#0539938c55b6b1a59b560e843ad864a4
https://conda.anaconda.org/conda-forge/noarch/tzdata-2025c-hc9c84f9_1.conda#ad659d0a2b3e47e38d829aa8cad2d610
https://conda.anaconda.org/conda-forge/noarch/ca-certificates-2026.1.4-hbd8a1cb_0.conda#bddacf101bb4dd0e51811cb69c7790e2
https://conda.anaconda.org/conda-forge/noarch/fonts-conda-forge-1-hc364b38_1.conda#a7970cd949a077b7cb9696379d338681
https://conda.anaconda.org/conda-forge/noarch/libgcc-devel_linux-64-15.2.0-hcc6f6b0_116.conda#e67832fdbf2382757205bb4b38800643
https://conda.anaconda.org/conda-forge/linux-64/libgomp-15.2.0-he0feb66_16.conda#26c46f90d0e727e95c6c9498a33a09f3
https://conda.anaconda.org/conda-forge/noarch/libstdcxx-devel_linux-64-15.2.0-hd446a21_116.conda#2730e07e576ffbd7bf13f8de34835d41
https://conda.anaconda.org/conda-forge/noarch/sysroot_linux-64-2.28-h4ee821c_9.conda#13dc3adbc692664cd3beabd216434749
https://conda.anaconda.org/conda-forge/linux-64/_openmp_mutex-4.5-2_gnu.tar.bz2#73aaf86a425cc6e73fcf236a5a46396d
https://conda.anaconda.org/conda-forge/noarch/fonts-conda-ecosystem-1-0.tar.bz2#fee5683a3f04bd15cbd8318b096a27ab
https://conda.anaconda.org/conda-forge/linux-64/libgcc-15.2.0-he0feb66_16.conda#6d0363467e6ed84f11435eb309f2ff06
https://conda.anaconda.org/conda-forge/linux-64/aws-c-common-0.12.6-hb03c661_0.conda#e36ad70a7e0b48f091ed6902f04c23b8
https://conda.anaconda.org/conda-forge/linux-64/bzip2-1.0.8-hda65f42_8.conda#51a19bba1b8ebfb60df25cde030b7ebc
https://conda.anaconda.org/conda-forge/linux-64/c-ares-1.34.6-hb03c661_0.conda#920bb03579f15389b9e512095ad995b7
https://conda.anaconda.org/conda-forge/linux-64/fribidi-1.0.16-hb03c661_0.conda#f9f81ea472684d75b9dd8d0b328cf655
https://conda.anaconda.org/conda-forge/linux-64/keyutils-1.6.3-hb9d3cd8_0.conda#b38117a3c920364aff79f870c984b4a3
https://conda.anaconda.org/conda-forge/linux-64/libbrotlicommon-1.2.0-hb03c661_1.conda#72c8fd1af66bd67bf580645b426513ed
https://conda.anaconda.org/conda-forge/linux-64/libdeflate-1.25-h17f619e_0.conda#6c77a605a7a689d17d4819c0f8ac9a00
https://conda.anaconda.org/conda-forge/linux-64/libexpat-2.7.3-hecca717_0.conda#8b09ae86839581147ef2e5c5e229d164
https://conda.anaconda.org/conda-forge/linux-64/libffi-3.5.2-h3435931_0.conda#a360c33a5abe61c07959e449fa1453eb
https://conda.anaconda.org/conda-forge/linux-64/libgcc-ng-15.2.0-h69a702a_16.conda#5a68259fac2da8f2ee6f7bfe49c9eb8b
https://conda.anaconda.org/conda-forge/linux-64/libgfortran5-15.2.0-h68bc16d_16.conda#39183d4e0c05609fd65f130633194e37
https://conda.anaconda.org/conda-forge/linux-64/libiconv-1.18-h3b78370_2.conda#915f5995e94f60e9a4826e0b0920ee88
https://conda.anaconda.org/conda-forge/linux-64/libjpeg-turbo-3.1.2-hb03c661_0.conda#8397539e3a0bbd1695584fb4f927485a
https://conda.anaconda.org/conda-forge/linux-64/liblzma-5.8.2-hb03c661_0.conda#c7c83eecbb72d88b940c249af56c8b17
https://conda.anaconda.org/conda-forge/linux-64/libmpdec-4.0.0-hb03c661_1.conda#2c21e66f50753a083cbe6b80f38268fa
https://conda.anaconda.org/conda-forge/linux-64/libntlm-1.8-hb9d3cd8_0.conda#7c7927b404672409d9917d49bff5f2d6
https://conda.anaconda.org/conda-forge/linux-64/libstdcxx-15.2.0-h934c35e_16.conda#68f68355000ec3f1d6f26ea13e8f525f
https://conda.anaconda.org/conda-forge/linux-64/libutf8proc-2.11.3-hfe17d71_0.conda#1247168fe4a0b8912e3336bccdbf98a5
https://conda.anaconda.org/conda-forge/linux-64/libuuid-2.41.3-h5347b49_0.conda#db409b7c1720428638e7c0d509d3e1b5
https://conda.anaconda.org/conda-forge/linux-64/libwebp-base-1.6.0-hd42ef1d_0.conda#aea31d2e5b1091feca96fcfe945c3cf9
https://conda.anaconda.org/conda-forge/linux-64/libzlib-1.3.1-hb9d3cd8_2.conda#edb0dca6bc32e4f4789199455a1dbeb8
https://conda.anaconda.org/conda-forge/linux-64/make-4.4.1-hb9d3cd8_2.conda#33405d2a66b1411db9f7242c8b97c9e7
https://conda.anaconda.org/conda-forge/linux-64/ncurses-6.5-h2d0b736_3.conda#47e340acb35de30501a76c7c799c41d7
https://conda.anaconda.org/conda-forge/linux-64/openssl-3.6.1-h35e630c_1.conda#f61eb8cd60ff9057122a3d338b99c00f
https://conda.anaconda.org/conda-forge/linux-64/pthread-stubs-0.4-hb9d3cd8_1002.conda#b3c17d95b5a10c6e64a21fa17573e70e
https://conda.anaconda.org/conda-forge/linux-64/sed-4.9-h6688a6e_0.conda#171afc5f7ca0408bbccbcb69ade85f92
https://conda.anaconda.org/conda-forge/linux-64/xorg-libice-1.1.2-hb9d3cd8_0.conda#fb901ff28063514abb6046c9ec2c4a45
https://conda.anaconda.org/conda-forge/linux-64/xorg-libxau-1.0.12-hb03c661_1.conda#b2895afaf55bf96a8c8282a2e47a5de0
https://conda.anaconda.org/conda-forge/linux-64/xorg-libxdmcp-1.1.5-hb03c661_1.conda#1dafce8548e38671bea82e3f5c6ce22f
https://conda.anaconda.org/conda-forge/linux-64/aws-c-cal-0.9.13-h2c9d079_1.conda#3c3d02681058c3d206b562b2e3bc337f
https://conda.anaconda.org/conda-forge/linux-64/aws-c-compression-0.3.1-h8b1a151_9.conda#f7ec84186dfe7a9e3a9f9e5a4d023e75
https://conda.anaconda.org/conda-forge/linux-64/aws-c-sdkutils-0.2.4-h8b1a151_4.conda#c7e3e08b7b1b285524ab9d74162ce40b
https://conda.anaconda.org/conda-forge/linux-64/aws-checksums-0.2.7-h8b1a151_5.conda#68da5b56dde41e172b7b24f071c4b392
https://conda.anaconda.org/conda-forge/linux-64/gflags-2.2.2-h5888daf_1005.conda#d411fc29e338efb48c5fd4576d71d881
https://conda.anaconda.org/conda-forge/linux-64/graphite2-1.3.14-hecca717_2.conda#2cd94587f3a401ae05e03a6caf09539d
https://conda.anaconda.org/conda-forge/linux-64/lerc-4.0.0-h0aef613_1.conda#9344155d33912347b37f0ae6c410a835
https://conda.anaconda.org/conda-forge/linux-64/libabseil-20250512.1-cxx17_hba17884_0.conda#83b160d4da3e1e847bf044997621ed63
https://conda.anaconda.org/conda-forge/linux-64/libbrotlidec-1.2.0-hb03c661_1.conda#366b40a69f0ad6072561c1d09301c886
https://conda.anaconda.org/conda-forge/linux-64/libbrotlienc-1.2.0-hb03c661_1.conda#4ffbb341c8b616aa2494b6afb26a0c5f
https://conda.anaconda.org/conda-forge/linux-64/libedit-3.1.20250104-pl5321h7949ede_0.conda#c277e0a4d549b03ac1e9d6cbbe3d017b
https://conda.anaconda.org/conda-forge/linux-64/libev-4.33-hd590300_2.conda#172bf1cd1ff8629f2b1179945ed45055
https://conda.anaconda.org/conda-forge/linux-64/libevent-2.1.12-hf998b51_1.conda#a1cfcc585f0c42bf8d5546bb1dfb668d
https://conda.anaconda.org/conda-forge/linux-64/libgfortran-15.2.0-h69a702a_16.conda#40d9b534410403c821ff64f00d0adc22
https://conda.anaconda.org/conda-forge/linux-64/libpng-1.6.54-h421ea60_0.conda#d361fa2a59e53b61c2675bfa073e5b7e
https://conda.anaconda.org/conda-forge/linux-64/libsanitizer-15.2.0-h90f66d4_16.conda#0841a98bda756af037eb07d36cacada5
https://conda.anaconda.org/conda-forge/linux-64/libsqlite-3.51.2-h0c1763c_0.conda#f7d30045eccb83f2bb8053041f42db3c
https://conda.anaconda.org/conda-forge/linux-64/libssh2-1.11.1-hcf80075_0.conda#eecce068c7e4eddeb169591baac20ac4
https://conda.anaconda.org/conda-forge/linux-64/libstdcxx-ng-15.2.0-hdf11a46_16.conda#1b3152694d236cf233b76b8c56bf0eae
https://conda.anaconda.org/conda-forge/linux-64/libxcb-1.17.0-h8a09558_0.conda#92ed62436b625154323d40d5f2f11dd7
https://conda.anaconda.org/conda-forge/linux-64/libxcrypt-4.4.36-hd590300_1.conda#5aa797f8787fe7a17d1b0821485b5adc
https://conda.anaconda.org/conda-forge/linux-64/lz4-c-1.10.0-h5888daf_1.conda#9de5350a85c4a20c685259b889aa6393
https://conda.anaconda.org/conda-forge/linux-64/pcre2-10.47-haa7fec5_0.conda#7a3bff861a6583f1889021facefc08b1
https://conda.anaconda.org/conda-forge/linux-64/pixman-0.46.4-h54a6638_1.conda#c01af13bdc553d1a8fbfff6e8db075f0
https://conda.anaconda.org/conda-forge/linux-64/readline-8.3-h853b02a_0.conda#d7d95fc8287ea7bf33e0e7116d2b95ec
https://conda.anaconda.org/conda-forge/linux-64/s2n-1.6.2-he8a4886_1.conda#bade189a194e66b93c03021bd36c337b
https://conda.anaconda.org/conda-forge/linux-64/snappy-1.2.2-h03e3b7b_1.conda#98b6c9dc80eb87b2519b97bcf7e578dd
https://conda.anaconda.org/conda-forge/linux-64/tk-8.6.13-noxft_h366c992_103.conda#cffd3bdd58090148f4cfcd831f4b26ab
https://conda.anaconda.org/conda-forge/linux-64/xorg-libsm-1.2.6-he73a12e_0.conda#1c74ff8c35dcadf952a16f752ca5aa49
https://conda.anaconda.org/conda-forge/linux-64/zlib-1.3.1-hb9d3cd8_2.conda#c9f075ab2f33b3bbee9e62d4ad0a6cd8
https://conda.anaconda.org/conda-forge/linux-64/zstd-1.5.7-hb78ec9c_6.conda#4a13eeac0b5c8e5b8ab496e6c4ddd829
https://conda.anaconda.org/conda-forge/linux-64/aws-c-io-0.23.3-hdaf4b65_5.conda#132e8f8f40f0ffc0bbde12bb4e8dd1a1
https://conda.anaconda.org/conda-forge/linux-64/bwidget-1.10.1-ha770c72_1.conda#983b92277d78c0d0ec498e460caa0e6d
https://conda.anaconda.org/conda-forge/linux-64/glog-0.7.1-hbabe93e_0.conda#ff862eebdfeb2fd048ae9dc92510baca
https://conda.anaconda.org/conda-forge/linux-64/icu-75.1-he02047a_0.conda#8b189310083baabfb622af68fd9d3ae3
https://conda.anaconda.org/conda-forge/linux-64/krb5-1.21.3-h659f571_0.conda#3f43953b7d3fb3aaa1d0d0723d91e368
https://conda.anaconda.org/conda-forge/linux-64/ld_impl_linux-64-2.45-default_hbd61a6d_105.conda#3ec0aa5037d39b06554109a01e6fb0c6
https://conda.anaconda.org/conda-forge/linux-64/libcrc32c-1.1.2-h9c3ff4c_0.tar.bz2#c965a5aa0d5c1c37ffc62dff36e28400
https://conda.anaconda.org/conda-forge/linux-64/libfreetype6-2.14.1-h73754d4_0.conda#8e7251989bca326a28f4a5ffbd74557a
https://conda.anaconda.org/conda-forge/linux-64/libgfortran-ng-15.2.0-h69a702a_16.conda#e5eb2ddedabd0063e442f230755d2062
https://conda.anaconda.org/conda-forge/linux-64/libglib-2.86.3-h6548e54_0.conda#034bea55a4feef51c98e8449938e9cee
https://conda.anaconda.org/conda-forge/linux-64/libnghttp2-1.67.0-had1ee68_0.conda#b499ce4b026493a13774bcf0f4c33849
https://conda.anaconda.org/conda-forge/linux-64/libopenblas-0.3.30-pthreads_h94d23a6_4.conda#be43915efc66345cccb3c310b6ed0374
https://conda.anaconda.org/conda-forge/linux-64/libprotobuf-6.31.1-h49aed37_4.conda#07479fc04ba3ddd5d9f760ef1635cfa7
https://conda.anaconda.org/conda-forge/linux-64/libre2-11-2025.11.05-h7b12aa8_0.conda#a30848ebf39327ea078cf26d114cff53
https://conda.anaconda.org/conda-forge/linux-64/libthrift-0.22.0-h454ac66_1.conda#8ed82d90e6b1686f5e98f8b7825a15ef
https://conda.anaconda.org/conda-forge/linux-64/libtiff-4.7.1-h9d88235_1.conda#cd5a90476766d53e901500df9215e927
https://conda.anaconda.org/conda-forge/linux-64/tktable-2.10-h8d826fa_7.conda#3ac51142c19ba95ae0fadefa333c9afb
https://conda.anaconda.org/conda-forge/linux-64/xorg-libx11-1.8.12-h4f16b4b_0.conda#db038ce880f100acc74dba10302b5630
https://conda.anaconda.org/conda-forge/linux-64/aws-c-event-stream-0.5.7-h28f887f_1.conda#7b8e3f846353b75db163ad93248e5f9d
https://conda.anaconda.org/conda-forge/linux-64/aws-c-http-0.10.7-ha8fc4e3_5.conda#3028f20dacafc00b22b88b324c8956cc
https://conda.anaconda.org/conda-forge/linux-64/binutils_impl_linux-64-2.45-default_hfdba357_105.conda#e410a8f80e22eb6d840e39ac6a34bd0e
https://conda.anaconda.org/conda-forge/linux-64/cyrus-sasl-2.1.28-hd9c7081_0.conda#cae723309a49399d2949362f4ab5c9e4
https://conda.anaconda.org/conda-forge/linux-64/libblas-3.11.0-5_h4a7cf45_openblas.conda#c160954f7418d7b6e87eaf05a8913fa9
https://conda.anaconda.org/conda-forge/linux-64/libcurl-8.18.0-h4e3cde8_0.conda#0a5563efed19ca4461cf927419b6eb73
https://conda.anaconda.org/conda-forge/linux-64/libfreetype-2.14.1-ha770c72_0.conda#f4084e4e6577797150f9b04a4560ceb0
https://conda.anaconda.org/conda-forge/linux-64/libxml2-16-2.15.1-ha9997c6_0.conda#e7733bc6785ec009e47a224a71917e84
https://conda.anaconda.org/conda-forge/linux-64/orc-2.2.2-h19cb568_0.conda#a98b8d7cfdd20004f1bdd1a51cb22c58
https://conda.anaconda.org/conda-forge/linux-64/python-3.14.2-h32b2ec7_101_cp314.conda#051f60a9d1e3aae7160d173aeb7029f8
https://conda.anaconda.org/conda-forge/linux-64/re2-2025.11.05-h5301d42_0.conda#0227d04521bc3d28c7995c7e1f99a721
https://conda.anaconda.org/conda-forge/linux-64/xorg-libxext-1.3.7-hb03c661_0.conda#34e54f03dfea3e7a2dcf1453a85f1085
https://conda.anaconda.org/conda-forge/linux-64/xorg-libxrender-0.9.12-hb9d3cd8_0.conda#96d57aba173e878a2089d5638016dc5e
https://conda.anaconda.org/conda-forge/linux-64/xorg-libxt-1.3.1-hb9d3cd8_0.conda#279b0de5f6ba95457190a1c459a64e31
https://conda.anaconda.org/conda-forge/linux-64/aws-c-auth-0.9.3-hef928c7_0.conda#bdd464b33f6540ed70845b946c11a7b8
https://conda.anaconda.org/conda-forge/linux-64/aws-c-mqtt-0.13.3-hc63082f_11.conda#6a653aefdc5d83a4f959869d1759e6e3
https://conda.anaconda.org/conda-forge/linux-64/azure-core-cpp-1.16.1-h3a458e0_0.conda#1d4e0d37da5f3c22ecd44033f673feba
https://conda.anaconda.org/conda-forge/linux-64/curl-8.18.0-h4e3cde8_0.conda#261410cab40c7142adce3a09e24cae41
https://conda.anaconda.org/conda-forge/linux-64/freetype-2.14.1-ha770c72_0.conda#4afc585cd97ba8a23809406cd8a9eda8
https://conda.anaconda.org/conda-forge/linux-64/gcc_impl_linux-64-15.2.0-hc5723f1_16.conda#83c672f0e373c37436953413b2272a42
https://conda.anaconda.org/conda-forge/linux-64/libcblas-3.11.0-5_h0358290_openblas.conda#6636a2b6f1a87572df2970d3ebc87cc0
https://conda.anaconda.org/conda-forge/linux-64/libgrpc-1.73.1-h3288cfb_1.conda#ff63bb12ac31c176ff257e3289f20770
https://conda.anaconda.org/conda-forge/linux-64/liblapack-3.11.0-5_h47877c9_openblas.conda#b38076eb5c8e40d0106beda6f95d7609
https://conda.anaconda.org/conda-forge/linux-64/libxml2-2.15.1-h26afc86_0.conda#e512be7dc1f84966d50959e900ca121f
https://conda.anaconda.org/conda-forge/linux-64/openldap-2.6.10-he970967_0.conda#2e5bf4f1da39c0b32778561c3c4e5878
https://conda.anaconda.org/conda-forge/noarch/pip-26.0-pyh145f28c_0.conda#f08a17c938eb6bc1b928bd8cdd37e20f
https://conda.anaconda.org/conda-forge/linux-64/prometheus-cpp-1.3.0-ha5d0236_0.conda#a83f6a2fdc079e643237887a37460668
https://conda.anaconda.org/conda-forge/linux-64/aws-c-s3-0.11.3-h06ab39a_1.conda#3689a4290319587e3b54a4f9e68f70c8
https://conda.anaconda.org/conda-forge/linux-64/azure-identity-cpp-1.13.2-h3a5f585_1.conda#4e921d9c85e6559c60215497978b3cdb
https://conda.anaconda.org/conda-forge/linux-64/azure-storage-common-cpp-12.12.0-h3d7a050_0.conda#e6f12de3a9b016cea81a87db04d85ff3
https://conda.anaconda.org/conda-forge/linux-64/fontconfig-2.15.0-h7e30c49_1.conda#8f5b0b297b59e1ac160ad4beec99dbee
https://conda.anaconda.org/conda-forge/linux-64/gfortran_impl_linux-64-15.2.0-h281d09f_16.conda#0f30aca62186200ef818d8792af5f971
https://conda.anaconda.org/conda-forge/linux-64/gsl-2.7-he838d99_0.tar.bz2#fec079ba39c9cca093bf4c00001825de
https://conda.anaconda.org/conda-forge/linux-64/gxx_impl_linux-64-15.2.0-hda75c37_16.conda#779495181670ef15f80c3e33eea6f61a
https://conda.anaconda.org/conda-forge/linux-64/libgoogle-cloud-2.39.0-hdb79228_0.conda#a2e30ccd49f753fd30de0d30b1569789
https://conda.anaconda.org/conda-forge/linux-64/libopentelemetry-cpp-1.21.0-hb9b0907_1.conda#1c0320794855f457dea27d35c4c71e23
https://conda.anaconda.org/conda-forge/linux-64/libpq-18.1-h5c52fec_2.conda#a8ac9a6342569d1714ae1b53ae2fcadb
https://conda.anaconda.org/conda-forge/linux-64/aws-crt-cpp-0.35.4-h8824e59_0.conda#113b9d9913280474c0868b0e290c0326
https://conda.anaconda.org/conda-forge/linux-64/azure-storage-blobs-cpp-12.16.0-h75daedc_0.conda#e88f8e816ae46c12cbe912c8f4d9d3bc
https://conda.anaconda.org/conda-forge/linux-64/cairo-1.18.4-h3394656_0.conda#09262e66b19567aff4f592fb53b28760
https://conda.anaconda.org/conda-forge/linux-64/libgoogle-cloud-storage-2.39.0-hdbdcf42_0.conda#bd21962ff8a9d1ce4720d42a35a4af40
https://conda.anaconda.org/conda-forge/linux-64/aws-sdk-cpp-1.11.606-h20b40b1_10.conda#937d1d4c233adc6eeb2ac3d6e9a73e53
https://conda.anaconda.org/conda-forge/linux-64/azure-storage-files-datalake-cpp-12.14.0-hd454692_0.conda#55986e49b7aafe9aa09d7f4c70a56a18
https://conda.anaconda.org/conda-forge/linux-64/harfbuzz-12.2.0-h15599e2_0.conda#b8690f53007e9b5ee2c2178dd4ac778c
https://conda.anaconda.org/conda-forge/linux-64/libarrow-23.0.0-h2c50142_1_cpu.conda#fba261a7ee565b711b45c5bea554e5a0
https://conda.anaconda.org/conda-forge/linux-64/pango-1.56.4-hadf4263_0.conda#79f71230c069a287efe3a8614069ddf1
https://conda.anaconda.org/conda-forge/linux-64/libarrow-compute-23.0.0-h8c2c5c3_1_cpu.conda#102be5396c7899675268c17993e1a072
https://conda.anaconda.org/conda-forge/linux-64/libparquet-23.0.0-h7376487_1_cpu.conda#e7562d15926b3cea66a6e3546b133c5d
https://conda.anaconda.org/conda-forge/linux-64/r-base-4.4.3-h835929b_7.conda#4d4d075641504f6b1853068ac3c22256
https://conda.anaconda.org/conda-forge/linux-64/libarrow-acero-23.0.0-h635bf11_1_cpu.conda#8b1290b259b24a4b29b3a3d6dec0fe53
https://conda.anaconda.org/conda-forge/noarch/r-assertthat-0.2.1-r44hc72bb7e_6.conda#a9e34b8723a9a38a0fb18746ad30a546
https://conda.anaconda.org/conda-forge/linux-64/r-base64enc-0.1_6-r44h54b55ab_0.conda#ab87845469cfada7bae36f17b3dd9681
https://conda.anaconda.org/conda-forge/linux-64/r-bit-4.6.0-r44h54b55ab_1.conda#4e905067722f1416de735a3d6b33825c
https://conda.anaconda.org/conda-forge/linux-64/r-cli-3.6.5-r44h3697838_1.conda#ae71dbdd32ef9384c43cfb4e3991305a
https://conda.anaconda.org/conda-forge/noarch/r-clipr-0.8.0-r44hc72bb7e_4.conda#1f404af69237bf7d0dda28b53c723b9c
https://conda.anaconda.org/conda-forge/noarch/r-cpp11-0.5.3-r44h785f33e_0.conda#b65d517e68c587e031d4a26e07f83928
https://conda.anaconda.org/conda-forge/noarch/r-crayon-1.5.3-r44hc72bb7e_2.conda#2b72da5cca65460ba6ac1f81b4ff72cc
https://conda.anaconda.org/conda-forge/noarch/r-dbi-1.2.3-r44hc72bb7e_2.conda#d69f993e8203a768e65ca0d81fa102ee
https://conda.anaconda.org/conda-forge/linux-64/r-digest-0.6.39-r44h3697838_0.conda#c09d9af7929f64611137e83de28db915
https://conda.anaconda.org/conda-forge/noarch/r-evaluate-1.0.5-r44hc72bb7e_1.conda#7b03982e4e8e348f02a51e61e6bb9cc2
https://conda.anaconda.org/conda-forge/linux-64/r-fansi-1.0.7-r44h54b55ab_0.conda#cb8edd5978ccf005e53ae370ae1b15d0
https://conda.anaconda.org/conda-forge/linux-64/r-fastmap-1.2.0-r44h3697838_2.conda#734e73555e5c0962c40c89e6aa7cf1a8
https://conda.anaconda.org/conda-forge/noarch/r-findpython-1.0.9-r44hc72bb7e_1.conda#46a15cfd4e9d63ec86421b7df8bfd4d6
https://conda.anaconda.org/conda-forge/linux-64/r-fs-1.6.6-r44h3697838_1.conda#5e88ccbc8cd62b4f388b9bcb83624861
https://conda.anaconda.org/conda-forge/noarch/r-generics-0.1.4-r44hc72bb7e_1.conda#a593d8a24e2d841863085e8c5b50b9fa
https://conda.anaconda.org/conda-forge/linux-64/r-glue-1.8.0-r44h54b55ab_1.conda#8c0119ef7862a900727cd6845ee1511c
https://conda.anaconda.org/conda-forge/linux-64/r-jsonlite-2.0.0-r44h54b55ab_1.conda#26de9e385370e6bf7d0ca13a3e630d7f
https://conda.anaconda.org/conda-forge/linux-64/r-log4r-0.4.4-r44h54b55ab_1.conda#5f9a84b0409d08cd8038de690a002739
https://conda.anaconda.org/conda-forge/linux-64/r-magrittr-2.0.4-r44h54b55ab_0.conda#d2bddfccf4e15346931d49a61dc9d1ce
https://conda.anaconda.org/conda-forge/linux-64/r-mime-0.13-r44h54b55ab_1.conda#d8865c99150c4b51a50292a3c5bc52dd
https://conda.anaconda.org/conda-forge/noarch/r-pkgconfig-2.0.3-r44hc72bb7e_5.conda#bdc0f46c7111e1d4f7eb7133374b47b7
https://conda.anaconda.org/conda-forge/noarch/r-plogr-0.2.0-r44hc72bb7e_1007.conda#db26d93fadddeded9e92aace6229ba6b
https://conda.anaconda.org/conda-forge/noarch/r-r6-2.6.1-r44hc72bb7e_1.conda#a6809636e421b99a22d374a752c1a2d6
https://conda.anaconda.org/conda-forge/linux-64/r-rappdirs-0.3.4-r44h54b55ab_0.conda#8943834285f6f65c857c9f3bf020afed
https://conda.anaconda.org/conda-forge/linux-64/r-rcpp-1.1.1-r44h3697838_0.conda#db221380b8a30188ccbffa577be61d88
https://conda.anaconda.org/conda-forge/linux-64/r-rlang-1.1.7-r44h3697838_0.conda#36915aa601f29b134768d327615f3cf5
https://conda.anaconda.org/conda-forge/linux-64/r-stringi-1.8.7-r44h2dae267_1.conda#7a4d6615664ef975115ba883a4846a63
https://conda.anaconda.org/conda-forge/linux-64/r-utf8-1.2.6-r44h54b55ab_1.conda#c7bce6987e0f5aaf9bdf5296dd3693c4
https://conda.anaconda.org/conda-forge/noarch/r-withr-3.0.2-r44hc72bb7e_1.conda#0fdd8ccde2641093c651e2b6a25d85e1
https://conda.anaconda.org/conda-forge/linux-64/r-xfun-0.56-r44h3697838_0.conda#93e14ae295ab462115f149266e8703ee
https://conda.anaconda.org/conda-forge/linux-64/r-yaml-2.3.12-r44h54b55ab_0.conda#27e45fcad46b1607f16e8d5f2655a370
https://conda.anaconda.org/conda-forge/linux-64/libarrow-dataset-23.0.0-h635bf11_1_cpu.conda#651c34402277a875986db6fa7930d42d
https://conda.anaconda.org/conda-forge/noarch/r-argparse-2.3.1-r44hc72bb7e_0.conda#53b38ec057737379504745d4108a3ac3
https://conda.anaconda.org/conda-forge/linux-64/r-bit64-4.6.0_1-r44h54b55ab_1.conda#6c45d3611b0fe56dfc2276a7a9a2a87d
https://conda.anaconda.org/conda-forge/linux-64/r-cachem-1.1.0-r44h54b55ab_2.conda#9e798e9474af81b679133429db82de66
https://conda.anaconda.org/conda-forge/linux-64/r-ellipsis-0.3.2-r44h54b55ab_4.conda#3c5f8d5a0e449576ad703da573d77c76
https://conda.anaconda.org/conda-forge/noarch/r-highr-0.11-r44hc72bb7e_2.conda#1d27ac83e555dcd74a3f51961bccd5e8
https://conda.anaconda.org/conda-forge/noarch/r-lifecycle-1.0.5-r44hc72bb7e_0.conda#95dd0aa693924627e51f312be131e942
https://conda.anaconda.org/conda-forge/noarch/r-prettyunits-1.2.0-r44hc72bb7e_2.conda#d0ddc1e17050afcb5f13ecdc1f4aba92
https://conda.anaconda.org/conda-forge/linux-64/r-timechange-0.4.0-r44h3697838_0.conda#3ed5633abcdc324ad206369fd8855bee
https://conda.anaconda.org/conda-forge/noarch/r-tinytex-0.58-r44hc72bb7e_0.conda#4feb7f59e10b54ce14285abf1c1f3f9c
https://conda.anaconda.org/conda-forge/linux-64/r-tzdb-0.5.0-r44h3697838_2.conda#22de54c4ce316337baf45289e63ab601
https://conda.anaconda.org/umccr/linux-64/r-ulid-0.4.0-r44hbad8821_0.tar.bz2#9e623225f2264e8b6d34a42a8ace443d
https://conda.anaconda.org/conda-forge/linux-64/libarrow-substrait-23.0.0-h3f74fd7_1_cpu.conda#bcf3ca0f04ed703121db4012e8c8bf5a
https://conda.anaconda.org/conda-forge/linux-64/r-htmltools-0.5.9-r44h3697838_0.conda#fe46047f03af99174b444665dc12bcee
https://conda.anaconda.org/conda-forge/noarch/r-knitr-1.51-r44hc72bb7e_0.conda#eac85b15645e954143a8d382ade0ec8b
https://conda.anaconda.org/conda-forge/linux-64/r-lubridate-1.9.4-r44h54b55ab_1.conda#51f61a093a8a2f55715740ca3df3e64b
https://conda.anaconda.org/conda-forge/noarch/r-memoise-2.0.1-r44hc72bb7e_4.conda#eea36c929b57cf85e2a263ccdf265094
https://conda.anaconda.org/conda-forge/linux-64/r-vctrs-0.7.1-r44h3697838_0.conda#6c524d14a520b06b3b20cd51338eefe2
https://conda.anaconda.org/conda-forge/noarch/r-blob-1.3.0-r44hc72bb7e_0.conda#9e8198a502730fdf043c6f2609a20de0
https://conda.anaconda.org/conda-forge/noarch/r-fontawesome-0.5.3-r44hc72bb7e_1.conda#1f426d1938c22f0f59407b25026ccdc3
https://conda.anaconda.org/conda-forge/noarch/r-hms-1.1.4-r44hc72bb7e_0.conda#6bb21cd6a482d5c9bb068368a018e750
https://conda.anaconda.org/conda-forge/noarch/r-jquerylib-0.1.4-r44hc72bb7e_4.conda#24ba3d3b0b5d5c19fc549cca0b226388
https://conda.anaconda.org/conda-forge/noarch/r-pillar-1.11.1-r44hc72bb7e_0.conda#89635525b35ad6b443343237b65526ae
https://conda.anaconda.org/conda-forge/linux-64/r-purrr-1.2.1-r44h54b55ab_0.conda#29353d4d982dfe654ed75ca92ad54031
https://conda.anaconda.org/conda-forge/linux-64/r-sass-0.4.10-r44h3697838_1.conda#523ee1e398b97b5369e9f457c6fabf45
https://conda.anaconda.org/conda-forge/noarch/r-stringr-1.6.0-r44h785f33e_0.conda#4186ef1048a6a5e5f55c359eb442093f
https://conda.anaconda.org/conda-forge/noarch/r-tidyselect-1.2.1-r44hc72bb7e_2.conda#d51e16d0d45d1f5a21f74a9562ffd37d
https://conda.anaconda.org/conda-forge/linux-64/r-arrow-23.0.0-r44hecca717_0.conda#320978a893940daa8c5cade3de1cc2a8
https://conda.anaconda.org/conda-forge/noarch/r-bslib-0.10.0-r44hc72bb7e_0.conda#e9ef144816cafbbd320f90c91303f4b1
https://conda.anaconda.org/conda-forge/noarch/r-progress-1.2.3-r44hc72bb7e_2.conda#a6a93fa6ae11444ea50d897f35db7e5d
https://conda.anaconda.org/conda-forge/linux-64/r-rpostgres-1.4.8-r44hfae4181_2.conda#6a188750f79506a84ebfa7c83c08cb83
https://conda.anaconda.org/conda-forge/linux-64/r-tibble-3.3.1-r44h54b55ab_0.conda#4896d527628b3637c7e5bd2132a4c6a1
https://conda.anaconda.org/conda-forge/linux-64/r-dplyr-1.2.0-r44h3697838_0.conda#0393804c3145398c70416e19c4bae6ee
https://conda.anaconda.org/conda-forge/noarch/r-rmarkdown-2.30-r44hc72bb7e_0.conda#5ca425ff851063103eb4eb029ac3485f
https://conda.anaconda.org/conda-forge/linux-64/r-vroom-1.6.7-r44h3697838_0.conda#8d12b0aa78bb4c89d45548fbfa0695d2
https://conda.anaconda.org/conda-forge/linux-64/r-readr-2.1.6-r44h3697838_0.conda#849f97859052544371d044ac682b62dc
https://conda.anaconda.org/conda-forge/linux-64/r-tidyr-1.3.2-r44h3697838_0.conda#9f09baf88d34df98009c4d1d2ffa0b0f
https://conda.anaconda.org/umccr/noarch/r-nemo-0.0.1.9001-h4616a5c_0.conda#7542700869aec64ee9209fde5c6c04e7
https://conda.anaconda.org/umccr/noarch/r-tidywigits-0.0.5.9001-h4616a5c_0.conda#60ea9455f9c6deb6dabf73d7bb2ca643
