# Generated by conda-lock.
# platform: osx-arm64
# input_hash: 1602d225ea4f3143b2651aff3146396f2e8b86ebdcd345abf809563207769990
@EXPLICIT
https://conda.anaconda.org/conda-forge/noarch/_r-mutex-1.0.1-anacondar_1.tar.bz2#19f9db5f4f1b7f5ef5f6d67207f25f38
https://conda.anaconda.org/conda-forge/noarch/font-ttf-dejavu-sans-mono-2.37-hab24e00_0.tar.bz2#0c96522c6bdaed4b1566d11387caaf45
https://conda.anaconda.org/conda-forge/noarch/font-ttf-inconsolata-3.000-h77eed37_0.tar.bz2#34893075a5c9e55cdafac56607368fc6
https://conda.anaconda.org/conda-forge/noarch/font-ttf-source-code-pro-2.038-h77eed37_0.tar.bz2#4d59c254e01d9cde7957100457e2d5fb
https://conda.anaconda.org/conda-forge/noarch/font-ttf-ubuntu-0.83-h77eed37_3.conda#49023d73832ef61042f6a237cb2687e7
https://conda.anaconda.org/conda-forge/osx-arm64/fribidi-1.0.10-h27ca646_0.tar.bz2#c64443234ff91d70cb9c7dc926c58834
https://conda.anaconda.org/conda-forge/osx-arm64/libev-4.33-h93a5062_2.conda#36d33e440c31857372a72137f78bacf5
https://conda.anaconda.org/conda-forge/noarch/libgfortran-devel_osx-arm64-13.4.0-ha240a38_0.conda#893a6461c4030ae1714789ee969d562f
https://conda.anaconda.org/conda-forge/osx-arm64/libopentelemetry-cpp-headers-1.21.0-hce30654_1.conda#c7df4b2d612208f3a27486c113b6aefc
https://conda.anaconda.org/conda-forge/osx-arm64/nlohmann_json-3.12.0-ha1acc90_0.conda#c74975897efab6cdc7f5ac5a69cca2f3
https://conda.anaconda.org/conda-forge/osx-arm64/pandoc-3.7.0.2-hce30654_0.conda#62031b5e240df47db4c26e672013587c
https://conda.anaconda.org/conda-forge/noarch/python_abi-3.13-8_cp313.conda#94305520c52a4aa3f6c2b1ff6008d9f8
https://conda.anaconda.org/conda-forge/noarch/tzdata-2025b-h78e105d_0.conda#4222072737ccff51314b5ece9c7d6f5a
https://conda.anaconda.org/conda-forge/osx-arm64/aws-c-common-0.12.4-h6caf38d_0.conda#7a3edd3d065687fe3aa9a04a515fd2bf
https://conda.anaconda.org/conda-forge/osx-arm64/bzip2-1.0.8-h99b78c6_7.conda#fc6948412dbbbe9a4c9ddbbcfe0a79ab
https://conda.anaconda.org/conda-forge/osx-arm64/c-ares-1.34.5-h5505292_0.conda#f8cd1beb98240c7edb1a95883360ccfa
https://conda.anaconda.org/conda-forge/noarch/ca-certificates-2025.8.3-hbd8a1cb_0.conda#74784ee3d225fc3dca89edb635b4e5cc
https://conda.anaconda.org/conda-forge/noarch/fonts-conda-forge-1-0.tar.bz2#f766549260d6815b0c52253f1fb1bb29
https://conda.anaconda.org/conda-forge/osx-arm64/icu-75.1-hfee45f7_0.conda#5eb22c1d7b3fc4abb50d92d621583137
https://conda.anaconda.org/conda-forge/osx-arm64/libbrotlicommon-1.1.0-h5505292_3.conda#fbc4d83775515e433ef22c058768b84d
https://conda.anaconda.org/conda-forge/osx-arm64/libcxx-20.1.8-hf598326_1.conda#a69ef3239d3268ef8602c7a7823fd982
https://conda.anaconda.org/conda-forge/osx-arm64/libdeflate-1.24-h5773f1b_0.conda#3baf58a5a87e7c2f4d243ce2f8f2fe5c
https://conda.anaconda.org/conda-forge/osx-arm64/libexpat-2.7.1-hec049ff_0.conda#b1ca5f21335782f71a8bd69bdc093f67
https://conda.anaconda.org/conda-forge/osx-arm64/libffi-3.4.6-h1da3d7d_1.conda#c215a60c2935b517dcda8cad4705734d
https://conda.anaconda.org/conda-forge/osx-arm64/libiconv-1.18-h23cfdf5_2.conda#4d5a7445f0b25b6a3ddbb56e790f5251
https://conda.anaconda.org/conda-forge/osx-arm64/libjpeg-turbo-3.1.0-h5505292_0.conda#01caa4fbcaf0e6b08b3aef1151e91745
https://conda.anaconda.org/conda-forge/osx-arm64/liblzma-5.8.1-h39f12f2_2.conda#d6df911d4564d77c4374b02552cb17d1
https://conda.anaconda.org/conda-forge/osx-arm64/libmpdec-4.0.0-h5505292_0.conda#85ccccb47823dd9f7a99d2c7f530342f
https://conda.anaconda.org/conda-forge/osx-arm64/libntlm-1.8-h5505292_0.conda#c90c1d3bd778f5ec0d4bb4ef36cbd5b6
https://conda.anaconda.org/conda-forge/osx-arm64/libutf8proc-2.10.0-h74a6958_0.conda#639880d40b6e2083e20b86a726154864
https://conda.anaconda.org/conda-forge/osx-arm64/libwebp-base-1.6.0-h07db88b_0.conda#e5e7d467f80da752be17796b87fe6385
https://conda.anaconda.org/conda-forge/osx-arm64/libzlib-1.3.1-h8359307_2.conda#369964e85dc26bfe78f41399b366c435
https://conda.anaconda.org/conda-forge/osx-arm64/llvm-openmp-20.1.8-hbb9b287_1.conda#a10bdc3e5d9e4c1ce554c83855dff6c4
https://conda.anaconda.org/conda-forge/osx-arm64/make-4.4.1-hc9fafa5_2.conda#9f44ef1fea0a25d6a3491c58f3af8460
https://conda.anaconda.org/conda-forge/osx-arm64/ncurses-6.5-h5e97a16_3.conda#068d497125e4bf8a66bf707254fff5ae
https://conda.anaconda.org/conda-forge/osx-arm64/aws-c-cal-0.9.2-hd08b81e_1.conda#f8d75a83ced3f7296fed525502eac257
https://conda.anaconda.org/conda-forge/osx-arm64/aws-c-compression-0.3.1-habbe1e8_6.conda#35c95aad3ab99e0a428c2e02e8b8e282
https://conda.anaconda.org/conda-forge/osx-arm64/aws-c-sdkutils-0.2.4-habbe1e8_1.conda#9d77627725afb71b57f38355ee9e2829
https://conda.anaconda.org/conda-forge/osx-arm64/aws-checksums-0.2.7-habbe1e8_2.conda#f3f6fef7c8d8ce7f80df37e4aaaf6b93
https://conda.anaconda.org/conda-forge/noarch/fonts-conda-ecosystem-1-0.tar.bz2#fee5683a3f04bd15cbd8318b096a27ab
https://conda.anaconda.org/conda-forge/osx-arm64/gflags-2.2.2-hf9b8971_1005.conda#57a511a5905caa37540eb914dfcbf1fb
https://conda.anaconda.org/conda-forge/osx-arm64/gmp-6.3.0-h7bae524_2.conda#eed7278dfbab727b56f2c0b64330814b
https://conda.anaconda.org/conda-forge/osx-arm64/graphite2-1.3.14-hec049ff_2.conda#0fc46fee39e88bbcf5835f71a9d9a209
https://conda.anaconda.org/conda-forge/osx-arm64/isl-0.26-imath32_h347afa1_101.conda#e80e44a3f4862b1da870dc0557f8cf3b
https://conda.anaconda.org/conda-forge/osx-arm64/lerc-4.0.0-hd64df32_1.conda#a74332d9b60b62905e3d30709df08bf1
https://conda.anaconda.org/conda-forge/osx-arm64/libabseil-20250512.1-cxx17_hd41c47c_0.conda#360dbb413ee2c170a0a684a33c4fc6b8
https://conda.anaconda.org/conda-forge/osx-arm64/libasprintf-0.25.1-h493aca8_0.conda#0deb80a2d6097c5fb98b495370b2435b
https://conda.anaconda.org/conda-forge/osx-arm64/libbrotlidec-1.1.0-h5505292_3.conda#01c4b35a1c4b94b60801f189f1ac6ee3
https://conda.anaconda.org/conda-forge/osx-arm64/libbrotlienc-1.1.0-h5505292_3.conda#1ce5e315293309b5bf6778037375fb08
https://conda.anaconda.org/conda-forge/osx-arm64/libcrc32c-1.1.2-hbdafb3b_0.tar.bz2#32bd82a6a625ea6ce090a81c3d34edeb
https://conda.anaconda.org/conda-forge/osx-arm64/libcxx-devel-20.1.8-h6dc3340_1.conda#9b6cc0187d93b4a6dab70b3132d692de
https://conda.anaconda.org/conda-forge/osx-arm64/libedit-3.1.20250104-pl5321hafb1f1b_0.conda#44083d2d2c2025afca315c7a172eab2b
https://conda.anaconda.org/conda-forge/osx-arm64/libgfortran5-14.2.0-h6c33f7e_103.conda#69806c1e957069f1d515830dcc9f6cbb
https://conda.anaconda.org/conda-forge/osx-arm64/libintl-0.25.1-h493aca8_0.conda#5103f6a6b210a3912faf8d7db516918c
https://conda.anaconda.org/conda-forge/osx-arm64/libpng-1.6.50-h280e0eb_1.conda#4d0f5ce02033286551a32208a5519884
https://conda.anaconda.org/conda-forge/osx-arm64/libsqlite-3.50.4-h4237e3c_0.conda#1dcb0468f5146e38fae99aef9656034b
https://conda.anaconda.org/conda-forge/osx-arm64/libxml2-2.13.8-h4a9ca0c_1.conda#05774cda4a601fc21830842648b3fe04
https://conda.anaconda.org/conda-forge/osx-arm64/lz4-c-1.10.0-h286801f_1.conda#01511afc6cc1909c5303cf31be17b44f
https://conda.anaconda.org/conda-forge/osx-arm64/openssl-3.5.2-he92f556_0.conda#bcb0d87dfbc199d0a461d2c7ca30b3d8
https://conda.anaconda.org/conda-forge/osx-arm64/pcre2-10.45-ha881caa_0.conda#a52385b93558d8e6bbaeec5d61a21cd7
https://conda.anaconda.org/conda-forge/osx-arm64/pixman-0.46.4-h81086ad_1.conda#17c3d745db6ea72ae2fce17e7338547f
https://conda.anaconda.org/conda-forge/osx-arm64/readline-8.2-h1d1bf99_2.conda#63ef3f6e6d6d5c589e64f11263dc5676
https://conda.anaconda.org/conda-forge/osx-arm64/snappy-1.2.2-hd121638_0.conda#ba9ca3813f4db8c0d85d3c84404e02ba
https://conda.anaconda.org/conda-forge/osx-arm64/tapi-1300.6.5-h03f4b80_0.conda#b703bc3e6cba5943acf0e5f987b5d0e2
https://conda.anaconda.org/conda-forge/osx-arm64/tk-8.6.13-h892fb3f_2.conda#7362396c170252e7b7b0c8fb37fe9c78
https://conda.anaconda.org/conda-forge/osx-arm64/zlib-1.3.1-h8359307_2.conda#e3170d898ca6cb48f1bb567afb92f775
https://conda.anaconda.org/conda-forge/osx-arm64/zstd-1.5.7-h6491c7d_2.conda#e6f69c7bcccdefa417f056fa593b40f0
https://conda.anaconda.org/conda-forge/osx-arm64/aws-c-io-0.21.2-hc6344be_1.conda#5b427cbf0259d0a50268901824df6331
https://conda.anaconda.org/conda-forge/osx-arm64/bwidget-1.10.1-hce30654_1.conda#c42706e35f3bb26537b065a5f9ae764d
https://conda.anaconda.org/conda-forge/osx-arm64/glog-0.7.1-heb240a5_0.conda#fef68d0a95aa5b84b5c1a4f6f3bf40e1
https://conda.anaconda.org/conda-forge/osx-arm64/krb5-1.21.3-h237132a_0.conda#c6dc8a0fdec13a0565936655c33069a1
https://conda.anaconda.org/conda-forge/osx-arm64/libevent-2.1.12-h2757513_1.conda#1a109764bff3bdc7bdd84088347d71dc
https://conda.anaconda.org/conda-forge/osx-arm64/libfreetype6-2.13.3-h1d14073_1.conda#b163d446c55872ef60530231879908b9
https://conda.anaconda.org/conda-forge/osx-arm64/libgettextpo-0.25.1-h493aca8_0.conda#98acd9989d0d8d5914ccc86dceb6c6c2
https://conda.anaconda.org/conda-forge/osx-arm64/libgfortran-5.0.0-14_2_0_h6c33f7e_103.conda#044a210bc1d5b8367857755665157413
https://conda.anaconda.org/conda-forge/osx-arm64/libglib-2.84.3-h587fa63_0.conda#bb98995c244b6038892fd59a694a93ed
https://conda.anaconda.org/conda-forge/osx-arm64/libllvm20-20.1.8-h846d351_0.conda#398cfbb49269f7d09a7f7b9c6142eea3
https://conda.anaconda.org/conda-forge/osx-arm64/libnghttp2-1.64.0-h6d7220d_0.conda#3408c02539cee5f1141f9f11450b6a51
https://conda.anaconda.org/conda-forge/osx-arm64/libprotobuf-6.31.1-h702a38d_1.conda#16c4f075e63a1f497aa392f843d81f96
https://conda.anaconda.org/conda-forge/osx-arm64/libre2-11-2025.07.22-hb7c0934_0.conda#e87a3f87fcbab723929e4ef0e60721f3
https://conda.anaconda.org/conda-forge/osx-arm64/libssh2-1.11.1-h1590b86_0.conda#b68e8f66b94b44aaa8de4583d3d4cc40
https://conda.anaconda.org/conda-forge/osx-arm64/libtiff-4.7.0-h025e3ab_6.conda#d0862034c2c563ef1f52a3237c133d8d
https://conda.anaconda.org/conda-forge/osx-arm64/mpfr-4.2.1-hb693164_3.conda#4e4ea852d54cc2b869842de5044662fb
https://conda.anaconda.org/conda-forge/osx-arm64/python-3.13.5-hf3f3da0_102_cp313.conda#123b7f04e7b8d6fc206cf2d3466f8a4b
https://conda.anaconda.org/conda-forge/osx-arm64/sigtool-0.1.3-h44b9a77_0.tar.bz2#4a2cac04f86a4540b8c9b8d8f597848f
https://conda.anaconda.org/conda-forge/osx-arm64/tktable-2.10-h3c7de25_7.conda#7c2e2e25a80f1538b0dcee34026bec42
https://conda.anaconda.org/conda-forge/osx-arm64/aws-c-event-stream-0.5.5-hd1b68e1_3.conda#dc140e52c81171b62d306476b6738220
https://conda.anaconda.org/conda-forge/osx-arm64/aws-c-http-0.10.4-h09a8a51_0.conda#73e8d2fb68c060de71369ebd5a9b8621
https://conda.anaconda.org/conda-forge/osx-arm64/cyrus-sasl-2.1.28-ha1cbb27_0.conda#2867ea6551e97e53a81787fd967162b1
https://conda.anaconda.org/conda-forge/osx-arm64/ld64_osx-arm64-954.16-hc3387fa_1.conda#30162a593841f176c29183bdf24eef18
https://conda.anaconda.org/conda-forge/osx-arm64/libclang-cpp20.1-20.1.8-default_h649e436_0.conda#5b1771651a8d65c87f816d80f4bfde4e
https://conda.anaconda.org/conda-forge/osx-arm64/libcurl-8.14.1-h73640d1_0.conda#1af57c823803941dfc97305248a56d57
https://conda.anaconda.org/conda-forge/osx-arm64/libfreetype-2.13.3-hce30654_1.conda#d06282e08e55b752627a707d58779b8f
https://conda.anaconda.org/conda-forge/osx-arm64/libopenblas-0.3.30-openmp_hf332438_0.conda#5d7dbaa423b4c253c476c24784286e4b
https://conda.anaconda.org/conda-forge/osx-arm64/libthrift-0.22.0-h14a376c_1.conda#3161023bb2f8c152e4c9aa59bdd40975
https://conda.anaconda.org/conda-forge/osx-arm64/llvm-tools-20-20.1.8-hb8bff50_0.conda#c5b35fac192ad5e3e3d015b61df379a8
https://conda.anaconda.org/conda-forge/osx-arm64/mpc-1.3.1-h8f1351a_1.conda#a5635df796b71f6ca400fc7026f50701
https://conda.anaconda.org/conda-forge/osx-arm64/orc-2.2.0-hca0cb2d_0.conda#462e3c1f980e4f701d7d9167a0b3b3e5
https://conda.anaconda.org/conda-forge/noarch/pip-25.2-pyh145f28c_0.conda#e7ab34d5a93e0819b62563c78635d937
https://conda.anaconda.org/conda-forge/osx-arm64/re2-2025.07.22-h52998f3_0.conda#126afcd653892413bccbcd3d476d81d0
https://conda.anaconda.org/conda-forge/osx-arm64/aws-c-auth-0.9.0-h9eee66f_19.conda#7b554506535c66852c5090a14801dfb9
https://conda.anaconda.org/conda-forge/osx-arm64/aws-c-mqtt-0.13.3-h625c29d_3.conda#8937dc148e22c1c15d2f181e6b6eee5e
https://conda.anaconda.org/conda-forge/osx-arm64/azure-core-cpp-1.16.0-ha1c5762_0.conda#1eb62b0153d7996610beec69708a174b
https://conda.anaconda.org/conda-forge/osx-arm64/clang-20-20.1.8-default_h649e436_0.conda#403860be8147065f5dfc072b79b25bd1
https://conda.anaconda.org/conda-forge/osx-arm64/curl-8.14.1-h73640d1_0.conda#b61b498cc3913fe6e649c7e1107b6bc1
https://conda.anaconda.org/conda-forge/osx-arm64/freetype-2.13.3-hce30654_1.conda#e684de4644067f1956a580097502bf03
https://conda.anaconda.org/conda-forge/osx-arm64/gfortran_impl_osx-arm64-13.4.0-h64b5c3f_0.conda#b74cdd00c64ffa2c988c786a64795d3c
https://conda.anaconda.org/conda-forge/osx-arm64/libblas-3.9.0-34_h10e41b3_openblas.conda#cdb3e1ca1661dbf19f9aad7dad524996
https://conda.anaconda.org/conda-forge/osx-arm64/libgrpc-1.73.1-hcdac78c_0.conda#32fbcf10c4d9982e1cfec578a333def1
https://conda.anaconda.org/conda-forge/osx-arm64/llvm-tools-20.1.8-hc7d33da_0.conda#b0b9e76f775a2edc08e7a5d00610a812
https://conda.anaconda.org/conda-forge/osx-arm64/openldap-2.6.10-hbe55e7a_0.conda#6fd5d73c63b5d37d9196efb4f044af76
https://conda.anaconda.org/conda-forge/osx-arm64/prometheus-cpp-1.3.0-h0967b3e_0.conda#7172339b49c94275ba42fec3eaeda34f
https://conda.anaconda.org/conda-forge/osx-arm64/aws-c-s3-0.8.6-h6ded10d_2.conda#19821ae3d32c9d446a899562b35ef89e
https://conda.anaconda.org/conda-forge/osx-arm64/azure-identity-cpp-1.12.0-hd83eed2_0.conda#78ac8ce287aef15f819c2927e0fc29c6
https://conda.anaconda.org/conda-forge/osx-arm64/azure-storage-common-cpp-12.10.0-h12fd690_2.conda#9be5f38d5306ac1069fcf3818549d56c
https://conda.anaconda.org/conda-forge/osx-arm64/cctools_osx-arm64-1021.4-h356c9db_1.conda#325b136b610792897c36c4e13e06af2f
https://conda.anaconda.org/conda-forge/osx-arm64/clang-20.1.8-default_h1eedb11_0.conda#4f03df89eb55f7ce1d6db41c7b97c110
https://conda.anaconda.org/conda-forge/osx-arm64/fontconfig-2.15.0-h1383a14_1.conda#7b29f48742cea5d1ccb5edd839cb5621
https://conda.anaconda.org/conda-forge/osx-arm64/libcblas-3.9.0-34_hb3479ef_openblas.conda#e15018d609b8957c146dcb6c356dd50c
https://conda.anaconda.org/conda-forge/osx-arm64/libgoogle-cloud-2.39.0-head0a95_0.conda#ad7272a081abe0966d0297691154eda5
https://conda.anaconda.org/conda-forge/osx-arm64/liblapack-3.9.0-34_hc9a63f6_openblas.conda#94b13d05122e301de02842d021eea5fb
https://conda.anaconda.org/conda-forge/osx-arm64/libopentelemetry-cpp-1.21.0-he15edb5_1.conda#cbcea547d6d831863ab0a4e164099062
https://conda.anaconda.org/conda-forge/osx-arm64/libpq-17.6-h6846fd6_0.conda#c2422b904c9f50c9a33311907e231ae6
https://conda.anaconda.org/conda-forge/osx-arm64/aws-crt-cpp-0.33.1-h54a40e1_2.conda#b7e3cbbb712ee459d98dfbc9e4c06941
https://conda.anaconda.org/conda-forge/osx-arm64/azure-storage-blobs-cpp-12.14.0-he094cc7_1.conda#496217fd6aaa6d43646252a586c1445c
https://conda.anaconda.org/conda-forge/osx-arm64/cairo-1.18.4-h6a3b0d2_0.conda#38f6df8bc8c668417b904369a01ba2e2
https://conda.anaconda.org/conda-forge/osx-arm64/clangxx-20.1.8-default_h0dcb199_0.conda#7e08c2ba81c6326430c767db5e187580
https://conda.anaconda.org/conda-forge/noarch/compiler-rt_osx-arm64-20.1.8-ha9683b2_0.conda#5906bb955618496184c5b9197f7f1922
https://conda.anaconda.org/conda-forge/osx-arm64/gsl-2.7-h6e638da_0.tar.bz2#2a2126a940e033e7225a5dc7215eea9a
https://conda.anaconda.org/conda-forge/osx-arm64/libgoogle-cloud-storage-2.39.0-hfa3a374_0.conda#147a468b9b6c3ced1fccd69b864ae289
https://conda.anaconda.org/conda-forge/osx-arm64/aws-sdk-cpp-1.11.606-ha924a42_1.conda#6788043d79ceef0cc3116ac2c28bda2e
https://conda.anaconda.org/conda-forge/osx-arm64/azure-storage-files-datalake-cpp-12.12.0-h30213e0_3.conda#ee25593a451954f56a58eda1ad4bda07
https://conda.anaconda.org/conda-forge/osx-arm64/compiler-rt-20.1.8-hc7d33da_0.conda#66d5b379966e2290262e51ed090570cd
https://conda.anaconda.org/conda-forge/osx-arm64/harfbuzz-11.4.1-hf4e55d4_0.conda#9e59cc7df79906d1ab37035bb1265050
https://conda.anaconda.org/conda-forge/osx-arm64/clang_impl_osx-arm64-20.1.8-h12ef310_25.conda#9a49d7d1e7ccb78a4a936dec78452228
https://conda.anaconda.org/conda-forge/osx-arm64/libarrow-19.0.1-ha884e31_27_cpu.conda#2c594e18042991bb98723eb04c054c18
https://conda.anaconda.org/conda-forge/osx-arm64/pango-1.56.4-h875632e_0.conda#7d57f8b4b7acfc75c777bc231f0d31be
https://conda.anaconda.org/conda-forge/osx-arm64/clang_osx-arm64-20.1.8-h07b0088_25.conda#b2dfa79787bfe8d010fb63ff6d7ac76d
https://conda.anaconda.org/conda-forge/osx-arm64/libarrow-acero-19.0.1-h926bc74_27_cpu.conda#8dacd3433ab93e988b17016348e948c0
https://conda.anaconda.org/conda-forge/osx-arm64/libparquet-19.0.1-h3402b2e_27_cpu.conda#f79efe470817175e1d26593d36eeec06
https://conda.anaconda.org/conda-forge/osx-arm64/clangxx_impl_osx-arm64-20.1.8-h38607eb_25.conda#cc8a794c4ff9c57904c0567d21ca5d4c
https://conda.anaconda.org/conda-forge/osx-arm64/gfortran_osx-arm64-13.4.0-h3c33bd0_0.conda#da7f34e66de5d337e7e6993cb4e57549
https://conda.anaconda.org/conda-forge/osx-arm64/libarrow-dataset-19.0.1-h926bc74_27_cpu.conda#8b1daec3d2b99a8b1a2c186bd3259261
https://conda.anaconda.org/conda-forge/osx-arm64/clangxx_osx-arm64-20.1.8-h07b0088_25.conda#4876a0b4b8134a0f9eaacdb7e1119613
https://conda.anaconda.org/conda-forge/osx-arm64/libarrow-substrait-19.0.1-hb375905_27_cpu.conda#04b447e18c457d4f79130969655c1b30
https://conda.anaconda.org/conda-forge/osx-arm64/r-base-4.4.3-he27e5f0_2.conda#dcee8f0f512a93307e70f5f5bf6f3ebe
https://conda.anaconda.org/conda-forge/noarch/r-assertthat-0.2.1-r44hc72bb7e_5.conda#9e9eee147ae329aaf3ec1cd3a1a7027c
https://conda.anaconda.org/conda-forge/osx-arm64/r-base64enc-0.1_3-r44h07cda29_1007.conda#607a251be5714d75d5f1bc93ffdccd11
https://conda.anaconda.org/conda-forge/osx-arm64/r-bit-4.6.0-r44h570997c_0.conda#59501cc1ee5b5d5ea6fe67be801a25b9
https://conda.anaconda.org/conda-forge/osx-arm64/r-cli-3.6.5-r44h31118f2_0.conda#ffbf6d7796dd524dfa1ae04f5ed1aa5d
https://conda.anaconda.org/conda-forge/noarch/r-clipr-0.8.0-r44hc72bb7e_3.conda#a1361a4e31db3a567f1f4792281f66a6
https://conda.anaconda.org/conda-forge/osx-arm64/r-colorspace-2.1_1-r44h07cda29_0.conda#dfb7303f8e6c242805ce23f0709fe6a9
https://conda.anaconda.org/conda-forge/noarch/r-cpp11-0.5.2-r44h785f33e_1.conda#c8f41b1d8dbbc1b057d282e59cbc46ca
https://conda.anaconda.org/conda-forge/noarch/r-crayon-1.5.3-r44hc72bb7e_1.conda#89626d77a94256b8304bb8fc33d3364c
https://conda.anaconda.org/conda-forge/noarch/r-dbi-1.2.3-r44hc72bb7e_1.conda#15f0ce8bf5c00f734af73165feb59e13
https://conda.anaconda.org/conda-forge/osx-arm64/r-digest-0.6.37-r44hd76f289_0.conda#6024614a2d83b156dd3f49b2a54e108d
https://conda.anaconda.org/conda-forge/noarch/r-evaluate-1.0.4-r44hc72bb7e_0.conda#99eed0419d388a6bfc5738dd33fb2d95
https://conda.anaconda.org/conda-forge/osx-arm64/r-fansi-1.0.6-r44h07cda29_1.conda#9cb95083d215d867b921e0a296ba313e
https://conda.anaconda.org/conda-forge/osx-arm64/r-farver-2.1.2-r44hd76f289_1.conda#ecc196a1798b7db864289f81ff53574e
https://conda.anaconda.org/conda-forge/osx-arm64/r-fastmap-1.2.0-r44hd76f289_1.conda#ed361b1848ef7c7150feb7c00233f3d2
https://conda.anaconda.org/conda-forge/noarch/r-findpython-1.0.9-r44hc72bb7e_0.conda#9c6e4646e94d81b971379786e74f412c
https://conda.anaconda.org/conda-forge/osx-arm64/r-fs-1.6.6-r44h31118f2_0.conda#f646d0cb69b16ef0d82da046fae1e156
https://conda.anaconda.org/conda-forge/noarch/r-generics-0.1.4-r44hc72bb7e_0.conda#c02ed249dc33336dfa20ca3eeaf3d1ee
https://conda.anaconda.org/conda-forge/osx-arm64/r-glue-1.8.0-r44h0d9a900_0.conda#467a7d5432b51f501430b76fe287d49b
https://conda.anaconda.org/conda-forge/osx-arm64/r-isoband-0.2.7-r44hd76f289_3.conda#223c8f1bd702f8a25e4ee9bf11673f10
https://conda.anaconda.org/conda-forge/osx-arm64/r-jsonlite-2.0.0-r44h570997c_0.conda#10616b8d23346ed369090e5a6e97ccbc
https://conda.anaconda.org/conda-forge/noarch/r-labeling-0.4.3-r44hc72bb7e_1.conda#49f2c043dfb8f5003dea36ae39ca1103
https://conda.anaconda.org/conda-forge/osx-arm64/r-lattice-0.22_7-r44h570997c_0.conda#b1fceee738a76eb76ab78619097f81f9
https://conda.anaconda.org/conda-forge/osx-arm64/r-magrittr-2.0.3-r44h07cda29_3.conda#62d1892e06efd7f4e641d814e010298e
https://conda.anaconda.org/conda-forge/osx-arm64/r-mass-7.3_64-r44h570997c_0.conda#05500ffd991cff230288afb41efb85f6
https://conda.anaconda.org/conda-forge/osx-arm64/r-mime-0.13-r44h570997c_0.conda#dc7338a89a52000e3a6c56f2ea0b9366
https://conda.anaconda.org/conda-forge/noarch/r-pkgconfig-2.0.3-r44hc72bb7e_4.conda#17d36e686fb918637ca43fc4c036549e
https://conda.anaconda.org/conda-forge/noarch/r-plogr-0.2.0-r44hc72bb7e_1006.conda#4ff9218577c4dcf961a80afdaa851927
https://conda.anaconda.org/conda-forge/noarch/r-proto-1.0.0-r44ha770c72_2006.conda#610d1346b14d945588940c91c032f9f6
https://conda.anaconda.org/conda-forge/noarch/r-r6-2.6.1-r44hc72bb7e_0.conda#08d1985cbe6bd96a818e127de51f9905
https://conda.anaconda.org/conda-forge/osx-arm64/r-rappdirs-0.3.3-r44h07cda29_3.conda#5e8e2948a9917356e218067325f61572
https://conda.anaconda.org/conda-forge/noarch/r-rcolorbrewer-1.1_3-r44h785f33e_3.conda#1f23714459a514fb7597fa15671d3cc6
https://conda.anaconda.org/conda-forge/osx-arm64/r-rlang-1.1.6-r44h31118f2_0.conda#c3aa0ea398eb566d8af6b39d620e6051
https://conda.anaconda.org/conda-forge/noarch/r-rprojroot-2.1.0-r44hc72bb7e_0.conda#fabb8a20fd1ff0c3af5d2d76cfe1a807
https://conda.anaconda.org/conda-forge/osx-arm64/r-stringi-1.8.7-r44h4f22b37_0.conda#b7efd79d2ec498545573f52236de2c4c
https://conda.anaconda.org/conda-forge/osx-arm64/r-sysfonts-0.8.9-r44hb042a3c_1.conda#56757ef22ae7d92155aa7c328d2ccdd9
https://conda.anaconda.org/conda-forge/osx-arm64/r-utf8-1.2.6-r44h570997c_0.conda#e8ea12926dd214bb29cf06d2cac09d0c
https://conda.anaconda.org/conda-forge/noarch/r-viridislite-0.4.2-r44hc72bb7e_2.conda#7cf7a6974364e6853f1a06554dfaa3e5
https://conda.anaconda.org/conda-forge/noarch/r-withr-3.0.2-r44hc72bb7e_0.conda#7c7e6e8f6fc8d0fd3baf24e8a5ed8ff5
https://conda.anaconda.org/conda-forge/osx-arm64/r-xfun-0.52-r44h31118f2_0.conda#03ac8c3939680670c99f596052d59b06
https://conda.anaconda.org/conda-forge/osx-arm64/r-yaml-2.3.10-r44h07cda29_0.conda#dd0ce5e4482633878e73d74fdc02f058
https://conda.anaconda.org/conda-forge/noarch/r-argparse-2.2.5-r44hc72bb7e_0.conda#38c59ec3dcf2b9ebcafe3554637ecdbb
https://conda.anaconda.org/conda-forge/osx-arm64/r-bit64-4.6.0_1-r44h570997c_0.conda#060cccb35bd388807492ed20441c89ec
https://conda.anaconda.org/conda-forge/osx-arm64/r-cachem-1.1.0-r44h07cda29_1.conda#a22ec84cc8680623026946a04a9e9181
https://conda.anaconda.org/conda-forge/osx-arm64/r-ellipsis-0.3.2-r44h07cda29_3.conda#5475992dce68bb36f2c8bafde3989284
https://conda.anaconda.org/conda-forge/noarch/r-here-1.0.1-r44hc72bb7e_3.conda#8967b2f7b7c4ac47d0e8706841817338
https://conda.anaconda.org/conda-forge/noarch/r-highr-0.11-r44hc72bb7e_1.conda#6513f8e9954403cf1f0a2414ea308801
https://conda.anaconda.org/conda-forge/noarch/r-lifecycle-1.0.4-r44hc72bb7e_1.conda#66d0ba7c05d0abfa11d126ba8e2907aa
https://conda.anaconda.org/conda-forge/osx-arm64/r-matrix-1.7_3-r44hf6a007b_0.conda#23ddaedeb97f68393bf3edabb4b5c384
https://conda.anaconda.org/conda-forge/noarch/r-munsell-0.5.1-r44hc72bb7e_1.conda#871dfde2639a8fdfe210eea7c59fd1e8
https://conda.anaconda.org/conda-forge/osx-arm64/r-nlme-3.1_168-r44he0ea626_0.conda#77a5ebe1926f982ff68a41924f82e26b
https://conda.anaconda.org/conda-forge/noarch/r-prettyunits-1.2.0-r44hc72bb7e_1.conda#9e8e45220a8e13eb137c2ff752b7b941
https://conda.anaconda.org/conda-forge/noarch/r-showtextdb-3.0-r44hc72bb7e_3.conda#0613b52a5e43c684ff30b2cffeb2ef4b
https://conda.anaconda.org/conda-forge/osx-arm64/r-timechange-0.3.0-r44hd76f289_1.conda#674829602a7500e18b844d90557e1db7
https://conda.anaconda.org/conda-forge/noarch/r-tinytex-0.57-r44hc72bb7e_0.conda#b78a6816218eeb70125e3f41362a0c73
https://conda.anaconda.org/conda-forge/osx-arm64/r-tzdb-0.5.0-r44h31118f2_0.conda#6d822d501255b16c6770b877c6ed70fe
https://conda.anaconda.org/conda-forge/noarch/r-gtable-0.3.6-r44hc72bb7e_0.conda#63996b2c1cc1cfdb4b9324e512a45a07
https://conda.anaconda.org/conda-forge/osx-arm64/r-htmltools-0.5.8.1-r44hd76f289_1.conda#4825c638cf1cee4a12600214c1b66345
https://conda.anaconda.org/conda-forge/noarch/r-knitr-1.50-r44hc72bb7e_0.conda#8283917ebf80191ab515f28dc79af1cd
https://conda.anaconda.org/conda-forge/osx-arm64/r-lubridate-1.9.4-r44h570997c_0.conda#eb173d92b82440a51e43b4c9fef2a015
https://conda.anaconda.org/conda-forge/noarch/r-memoise-2.0.1-r44hc72bb7e_3.conda#3b5d996b00a781c3a08a05687ce55075
https://conda.anaconda.org/conda-forge/osx-arm64/r-mgcv-1.9_3-r44he66de11_0.conda#2fbfcc4ac2b043181a9792a2512452d8
https://conda.anaconda.org/conda-forge/noarch/r-scales-1.4.0-r44hc72bb7e_0.conda#c2dae614fb7aa769a9addcc83a05bb51
https://conda.anaconda.org/conda-forge/osx-arm64/r-showtext-0.9_7-r44hb042a3c_1.conda#32968c98c98a22ca0466fd2bf8d775bd
https://conda.anaconda.org/conda-forge/osx-arm64/r-vctrs-0.6.5-r44hd76f289_1.conda#6a4668f0faa7a2236d8af5b9d59a2441
https://conda.anaconda.org/conda-forge/noarch/r-blob-1.2.4-r44hc72bb7e_2.conda#4f9161cb110a1e0d95c7631294fbba40
https://conda.anaconda.org/conda-forge/noarch/r-fontawesome-0.5.3-r44hc72bb7e_0.conda#499534dec55ac7601189aae9da6af7bb
https://conda.anaconda.org/conda-forge/noarch/r-hms-1.1.3-r44hc72bb7e_2.conda#e3f892da67e8364c23c449565eb7970b
https://conda.anaconda.org/conda-forge/noarch/r-jquerylib-0.1.4-r44hc72bb7e_3.conda#05b3ceb1b32c28589d267a0f9824faf7
https://conda.anaconda.org/conda-forge/noarch/r-pillar-1.11.0-r44hc72bb7e_0.conda#6fc3eef9e2b83886004b85758b33d61c
https://conda.anaconda.org/conda-forge/osx-arm64/r-purrr-1.1.0-r44hb470c6c_0.conda#35ae198b23a5e3e1658b52bfd7cd91b4
https://conda.anaconda.org/conda-forge/osx-arm64/r-sass-0.4.10-r44h31118f2_0.conda#a6e2c782b024de3c3ff7f42e6ea3a8d2
https://conda.anaconda.org/conda-forge/noarch/r-stringr-1.5.1-r44h785f33e_1.conda#f1fdeed70529cb6e74277d758b5304fd
https://conda.anaconda.org/conda-forge/noarch/r-tidyselect-1.2.1-r44hc72bb7e_1.conda#aa5f953d9b0709ee347bb4e4dd5acfea
https://conda.anaconda.org/conda-forge/osx-arm64/r-arrow-19.0.1-r44h8ab69cd_0.conda#e448a67107005092163424b0ab5104d2
https://conda.anaconda.org/conda-forge/noarch/r-bslib-0.9.0-r44hc72bb7e_0.conda#7b21e7e9b06078e5005b68d45989df23
https://conda.anaconda.org/conda-forge/noarch/r-progress-1.2.3-r44hc72bb7e_1.conda#a14cff20682eb2f1a94ed9fb0646d73c
https://conda.anaconda.org/conda-forge/osx-arm64/r-rpostgres-1.4.8-r44h12cc4e1_0.conda#71970bd54cf59ffd405b3212012cae50
https://conda.anaconda.org/conda-forge/osx-arm64/r-tibble-3.3.0-r44h570997c_0.conda#f1935a5d50c51b96e6ed741407f4bfaf
https://conda.anaconda.org/conda-forge/osx-arm64/r-dplyr-1.1.4-r44hd76f289_1.conda#60ae57ff7b60a9d80d398dd8cacc55c7
https://conda.anaconda.org/conda-forge/noarch/r-ggplot2-3.5.2-r44hc72bb7e_0.conda#e78f9c8112cccf0b19c2ab2554c61270
https://conda.anaconda.org/conda-forge/noarch/r-rmarkdown-2.29-r44hc72bb7e_0.conda#de2725e261bef19a1df61f63f2543926
https://conda.anaconda.org/conda-forge/osx-arm64/r-vroom-1.6.5-r44hd76f289_1.conda#56b588fd736d7787ecf3f88212969c13
https://conda.anaconda.org/conda-forge/noarch/r-emojifont-0.5.5-r44hc72bb7e_4.conda#6b6ae6815d6a3341203fc7e93398b3ec
https://conda.anaconda.org/conda-forge/osx-arm64/r-readr-2.1.5-r44hd76f289_1.conda#6250ea30849826db6eb30d0813b85fb3
https://conda.anaconda.org/conda-forge/osx-arm64/r-tidyr-1.3.1-r44hd76f289_1.conda#613e6efbbf702e0da60f1b3808941dd8
https://conda.anaconda.org/umccr/noarch/r-tidywigits-0.0.4-h4616a5c_0.conda#9860ad9b9304494ac9a743d09491d9c1
